GIT
  remote: https://github.com/fnichol/chef-rbenv.git
  ref: master
  sha: c4dbcc85e3d6dae0eb8c9dc507d5ee915b7ad480
  specs:
    rbenv (0.6.11)

GIT
  remote: https://github.com/fnichol/chef-ruby_build.git
  ref: master
  sha: c38d86966694b85db291625b245722208b40b61e
  specs:
    ruby_build (0.6.3)

DEPENDENCIES
  rbenv (>= 0)
  ruby_build (>= 0)

